
Microsoft Visual Studio Solution File, Format Version 12.00
# Visual Studio Version 17
VisualStudioVersion = 17.7.34031.279
MinimumVisualStudioVersion = 10.0.40219.1
Project("{2150E333-8FDC-42A3-9474-1A3956D46DE8}") = "Solution Items", "Solution Items", "{C06904C6-AA63-43C2-9801-36C11ABC7FB5}"
	ProjectSection(SolutionItems) = preProject
		icon.png = icon.png
		LICENSE = LICENSE
		README.md = README.md
	EndProjectSection
EndProject
Project("{9A19103F-16F7-4668-BE54-9A1E7A4F7556}") = "GoogleMapUtils.Android", "Android\GoogleMapUtils.Android.csproj", "{C00B5D0D-B118-4BE1-8391-C07A90D83AB5}"
EndProject
Project("{9A19103F-16F7-4668-BE54-9A1E7A4F7556}") = "GoogleMapUtils.iOS", "iOS\GoogleMapUtils.iOS.csproj", "{F3C214E0-C8BE-422E-A934-7D1509EE9D76}"
EndProject
Project("{2150E333-8FDC-42A3-9474-1A3956D46DE8}") = ".github", ".github", "{50D26933-C004-472A-8F78-B647D46233EE}"
EndProject
Project("{2150E333-8FDC-42A3-9474-1A3956D46DE8}") = "workflows", "workflows", "{A1132F10-173C-498D-AFA7-AF03FDF5816E}"
	ProjectSection(SolutionItems) = preProject
		.github\workflows\main.yml = .github\workflows\main.yml
	EndProjectSection
EndProject
Global
	GlobalSection(SolutionConfigurationPlatforms) = preSolution
		Debug|Any CPU = Debug|Any CPU
		Release|Any CPU = Release|Any CPU
	EndGlobalSection
	GlobalSection(ProjectConfigurationPlatforms) = postSolution
		{C00B5D0D-B118-4BE1-8391-C07A90D83AB5}.Debug|Any CPU.ActiveCfg = Debug|Any CPU
		{C00B5D0D-B118-4BE1-8391-C07A90D83AB5}.Debug|Any CPU.Build.0 = Debug|Any CPU
		{C00B5D0D-B118-4BE1-8391-C07A90D83AB5}.Release|Any CPU.ActiveCfg = Release|Any CPU
		{C00B5D0D-B118-4BE1-8391-C07A90D83AB5}.Release|Any CPU.Build.0 = Release|Any CPU
		{F3C214E0-C8BE-422E-A934-7D1509EE9D76}.Debug|Any CPU.ActiveCfg = Debug|Any CPU
		{F3C214E0-C8BE-422E-A934-7D1509EE9D76}.Debug|Any CPU.Build.0 = Debug|Any CPU
		{F3C214E0-C8BE-422E-A934-7D1509EE9D76}.Release|Any CPU.ActiveCfg = Release|Any CPU
		{F3C214E0-C8BE-422E-A934-7D1509EE9D76}.Release|Any CPU.Build.0 = Release|Any CPU
	EndGlobalSection
	GlobalSection(SolutionProperties) = preSolution
		HideSolutionNode = FALSE
	EndGlobalSection
	GlobalSection(NestedProjects) = preSolution
		{A1132F10-173C-498D-AFA7-AF03FDF5816E} = {50D26933-C004-472A-8F78-B647D46233EE}
	EndGlobalSection
	GlobalSection(ExtensibilityGlobals) = postSolution
		SolutionGuid = {AC72709F-4CA6-4F30-B36D-49D7E42873F2}
	EndGlobalSection
EndGlobal
